
Microsoft Visual Studio Solution File, Format Version 12.00
# Visual Studio Version 16
VisualStudioVersion = 16.0.30611.23
MinimumVisualStudioVersion = 10.0.40219.1
Project("{FAE04EC0-301F-11D3-BF4B-00C04F79EFBC}") = "AddressBookWorkshop", "AddressBookWorkshop\AddressBookWorkshop.csproj", "{4E219010-3505-4707-BDBF-0F6396644BFD}"
EndProject
Global
	GlobalSection(SolutionConfigurationPlatforms) = preSolution
		Debug|Any CPU = Debug|Any CPU
		Release|Any CPU = Release|Any CPU
	EndGlobalSection
	GlobalSection(ProjectConfigurationPlatforms) = postSolution
		{4E219010-3505-4707-BDBF-0F6396644BFD}.Debug|Any CPU.ActiveCfg = Debug|Any CPU
		{4E219010-3505-4707-BDBF-0F6396644BFD}.Debug|Any CPU.Build.0 = Debug|Any CPU
		{4E219010-3505-4707-BDBF-0F6396644BFD}.Release|Any CPU.ActiveCfg = Release|Any CPU
		{4E219010-3505-4707-BDBF-0F6396644BFD}.Release|Any CPU.Build.0 = Release|Any CPU
	EndGlobalSection
	GlobalSection(SolutionProperties) = preSolution
		HideSolutionNode = FALSE
	EndGlobalSection
	GlobalSection(ExtensibilityGlobals) = postSolution
		SolutionGuid = {1BA0412A-97A6-4269-B4C3-6A28F26D9CEA}
	EndGlobalSection
EndGlobal
